{
  "nodes": {
    "agenix": {
      "inputs": {
        "darwin": "darwin",
        "home-manager": "home-manager",
        "nixpkgs": [
          "nixpkgs-stable"
        ],
        "systems": "systems"
      },
      "locked": {
        "lastModified": 1736955230,
        "narHash": "sha256-uenf8fv2eG5bKM8C/UvFaiJMZ4IpUFaQxk9OH5t/1gA=",
        "owner": "ryantm",
        "repo": "agenix",
        "rev": "e600439ec4c273cf11e06fe4d9d906fb98fa097c",
        "type": "github"
      },
      "original": {
        "owner": "ryantm",
        "repo": "agenix",
        "type": "github"
      }
    },
    "ags": {
      "inputs": {
        "astal": "astal",
        "nixpkgs": [
          "nixpkgs-stable"
        ]
      },
      "locked": {
        "lastModified": 1737224637,
        "narHash": "sha256-FAytebF/lOl8ESnf3iaIEFCLw0+4uU/Tthb08B169hA=",
        "owner": "Aylur",
        "repo": "ags",
        "rev": "92bdcb227dc390e2edb122b5bb182b38456b6a5e",
        "type": "github"
      },
      "original": {
        "owner": "Aylur",
        "repo": "ags",
        "type": "github"
      }
    },
    "astal": {
      "inputs": {
        "nixpkgs": [
          "ags",
          "nixpkgs"
        ]
      },
      "locked": {
        "lastModified": 1737052425,
        "narHash": "sha256-sRX9eWJEThJ/0ZErG7LhHO9cFa3EIZloKA5NaLFfaF4=",
        "owner": "aylur",
        "repo": "astal",
        "rev": "897c6d810acfd31e6cc55df7692755b177a84fcb",
        "type": "github"
      },
      "original": {
        "owner": "aylur",
        "repo": "astal",
        "type": "github"
      }
    },
    "base16-schemes": {
      "flake": false,
      "locked": {
        "lastModified": 1696158499,
        "narHash": "sha256-5yIHgDTPjoX/3oDEfLSQ0eJZdFL1SaCfb9d6M0RmOTM=",
        "owner": "tinted-theming",
        "repo": "base16-schemes",
        "rev": "a9112eaae86d9dd8ee6bb9445b664fba2f94037a",
        "type": "github"
      },
      "original": {
        "owner": "tinted-theming",
        "repo": "base16-schemes",
        "type": "github"
      }
    },
    "brew-api": {
      "flake": false,
      "locked": {
        "lastModified": 1737491262,
        "narHash": "sha256-K845iEJ91JCk5ZHv9TdfVQWKy/ytd7yZUA2cyWoUQu0=",
        "owner": "BatteredBunny",
        "repo": "brew-api",
        "rev": "690411ca84cd15152e757f0fe9c186ebe3d5a07a",
        "type": "github"
      },
      "original": {
        "owner": "BatteredBunny",
        "repo": "brew-api",
        "type": "github"
      }
    },
    "brew-nix": {
      "inputs": {
        "brew-api": [
          "brew-api"
        ],
        "flake-utils": "flake-utils",
        "nix-darwin": "nix-darwin",
        "nixpkgs": "nixpkgs"
      },
      "locked": {
        "lastModified": 1737400976,
        "narHash": "sha256-4EYeEGclxkYlLk6eKoBg3T5tUet4cZmhD4qMHfRdg/4=",
        "owner": "BatteredBunny",
        "repo": "brew-nix",
        "rev": "ab7c14dc11a01ecc1d534fd073c3caf9f4d55174",
        "type": "github"
      },
      "original": {
        "owner": "BatteredBunny",
        "repo": "brew-nix",
        "type": "github"
      }
    },
    "brew-src": {
      "flake": false,
      "locked": {
        "lastModified": 1731323744,
        "narHash": "sha256-SxUQm4cTHcaoPQHoXe26ZV8cZiMWBGow8MjE4L+MckM=",
        "owner": "Homebrew",
        "repo": "brew",
        "rev": "254bf3fe9d8fa2e1b2fb55dbcf535b2d870180c4",
        "type": "github"
      },
      "original": {
        "owner": "Homebrew",
        "ref": "4.4.5",
        "repo": "brew",
        "type": "github"
      }
    },
    "compose2nix": {
      "inputs": {
        "nixpkgs": [
          "nixpkgs-unstable"
        ],
        "onchg": "onchg"
      },
      "locked": {
        "lastModified": 1732416782,
        "narHash": "sha256-evu/J6D79rlQ6oYtKgZxpWvT6ORt0SH573R6IOIS6R0=",
        "owner": "aksiksi",
        "repo": "compose2nix",
        "rev": "a81c2e5e485c722e74dce7c8e308c7b0a1381854",
        "type": "github"
      },
      "original": {
        "owner": "aksiksi",
        "repo": "compose2nix",
        "type": "github"
      }
    },
    "darwin": {
      "inputs": {
        "nixpkgs": [
          "agenix",
          "nixpkgs"
        ]
      },
      "locked": {
        "lastModified": 1700795494,
        "narHash": "sha256-gzGLZSiOhf155FW7262kdHo2YDeugp3VuIFb4/GGng0=",
        "owner": "lnl7",
        "repo": "nix-darwin",
        "rev": "4b9b83d5a92e8c1fbfd8eb27eda375908c11ec4d",
        "type": "github"
      },
      "original": {
        "owner": "lnl7",
        "ref": "master",
        "repo": "nix-darwin",
        "type": "github"
      }
    },
    "flake-utils": {
      "inputs": {
        "systems": "systems_2"
      },
      "locked": {
        "lastModified": 1731533236,
        "narHash": "sha256-l0KFg5HjrsfsO/JpG+r7fRrqm12kzFHyUHqHCVpMMbI=",
        "owner": "numtide",
        "repo": "flake-utils",
        "rev": "11707dc2f618dd54ca8739b309ec4fc024de578b",
        "type": "github"
      },
      "original": {
        "owner": "numtide",
        "repo": "flake-utils",
        "type": "github"
      }
    },
    "flake-utils_2": {
      "locked": {
        "lastModified": 1652776076,
        "narHash": "sha256-gzTw/v1vj4dOVbpBSJX4J0DwUR6LIyXo7/SuuTJp1kM=",
        "owner": "numtide",
        "repo": "flake-utils",
        "rev": "04c1b180862888302ddfb2e3ad9eaa63afc60cf8",
        "type": "github"
      },
      "original": {
        "owner": "numtide",
        "repo": "flake-utils",
        "type": "github"
      }
    },
    "flake-utils_3": {
      "inputs": {
        "systems": "systems_3"
      },
      "locked": {
        "lastModified": 1731533236,
        "narHash": "sha256-l0KFg5HjrsfsO/JpG+r7fRrqm12kzFHyUHqHCVpMMbI=",
        "owner": "numtide",
        "repo": "flake-utils",
        "rev": "11707dc2f618dd54ca8739b309ec4fc024de578b",
        "type": "github"
      },
      "original": {
        "owner": "numtide",
        "repo": "flake-utils",
        "type": "github"
      }
    },
    "freetype2": {
      "flake": false,
      "locked": {
        "lastModified": 1723459814,
        "narHash": "sha256-4l90lDtpgm5xlh2m7ifrqNy373DTRTULRkAzicrM93c=",
        "owner": "freetype",
        "repo": "freetype",
        "rev": "42608f77f20749dd6ddc9e0536788eaad70ea4b5",
        "type": "github"
      },
      "original": {
        "owner": "freetype",
        "ref": "VER-2-13-3",
        "repo": "freetype",
        "type": "github"
      }
    },
    "hardware": {
      "locked": {
        "lastModified": 1737359802,
        "narHash": "sha256-utplyRM6pqnN940gfaLFBb9oUCSzkan86IvmkhsVlN8=",
        "owner": "nixos",
        "repo": "nixos-hardware",
        "rev": "61c79181e77ef774ab0468b28a24bc2647d498d6",
        "type": "github"
      },
      "original": {
        "owner": "nixos",
        "repo": "nixos-hardware",
        "type": "github"
      }
    },
    "harfbuzz": {
      "flake": false,
      "locked": {
        "lastModified": 1719502711,
        "narHash": "sha256-2ieCf3ftNk851FZBDPVl+7QHWBqD729KiUxUyxi26Yg=",
        "owner": "harfbuzz",
        "repo": "harfbuzz",
        "rev": "9c03576c49db6e7207d9bcdfe3abd170a809157f",
        "type": "github"
      },
      "original": {
        "owner": "harfbuzz",
        "ref": "9.0.0",
        "repo": "harfbuzz",
        "type": "github"
      }
    },
    "home-manager": {
      "inputs": {
        "nixpkgs": [
          "agenix",
          "nixpkgs"
        ]
      },
      "locked": {
        "lastModified": 1703113217,
        "narHash": "sha256-7ulcXOk63TIT2lVDSExj7XzFx09LpdSAPtvgtM7yQPE=",
        "owner": "nix-community",
        "repo": "home-manager",
        "rev": "3bfaacf46133c037bb356193bd2f1765d9dc82c1",
        "type": "github"
      },
      "original": {
        "owner": "nix-community",
        "repo": "home-manager",
        "type": "github"
      }
    },
    "home-manager_2": {
      "inputs": {
        "nixpkgs": [
          "nixpkgs-stable"
        ]
      },
      "locked": {
        "lastModified": 1736373539,
        "narHash": "sha256-dinzAqCjenWDxuy+MqUQq0I4zUSfaCvN9rzuCmgMZJY=",
        "owner": "nix-community",
        "repo": "home-manager",
        "rev": "bd65bc3cde04c16755955630b344bc9e35272c56",
        "type": "github"
      },
      "original": {
        "owner": "nix-community",
        "ref": "release-24.11",
        "repo": "home-manager",
        "type": "github"
      }
    },
    "homebrew-bundle": {
      "flake": false,
      "locked": {
        "lastModified": 1737427540,
        "narHash": "sha256-+wl/1TvdN0hwtCwmFkkSIekr5vInZ9xyIfxHqgXD2WA=",
        "owner": "homebrew",
        "repo": "homebrew-bundle",
        "rev": "6a3820a338c9b02a77bd1d6d939b12e79c889867",
        "type": "github"
      },
      "original": {
        "owner": "homebrew",
        "repo": "homebrew-bundle",
        "type": "github"
      }
    },
    "homebrew-cask": {
      "flake": false,
      "locked": {
        "lastModified": 1737489517,
        "narHash": "sha256-FyViXhOHs8CrbPejnU/j6BZXPf5Wz88dcioFUdPMYJk=",
        "owner": "homebrew",
        "repo": "homebrew-cask",
        "rev": "2292a44aad3e4c4c48288fa0b2f7c18552ac760d",
        "type": "github"
      },
      "original": {
        "owner": "homebrew",
        "repo": "homebrew-cask",
        "type": "github"
      }
    },
    "homebrew-core": {
      "flake": false,
      "locked": {
        "lastModified": 1737490997,
        "narHash": "sha256-HKIhSrSVIn4AMKnTTepB4hpMTiz1NncgcnQdUeVnYvI=",
        "owner": "homebrew",
        "repo": "homebrew-core",
        "rev": "965f025f9f2858e0716f7569219460c19fc146bf",
        "type": "github"
      },
      "original": {
        "owner": "homebrew",
        "repo": "homebrew-core",
        "type": "github"
      }
    },
    "libpng": {
      "flake": false,
      "locked": {
        "lastModified": 1726173884,
        "narHash": "sha256-gBfHgGaqVYdmhWXoNKZzPyGzyw2rr3zp+DjWmfC41jk=",
        "owner": "pnggroup",
        "repo": "libpng",
        "rev": "f5e92d76973a7a53f517579bc95d61483bf108c0",
        "type": "github"
      },
      "original": {
        "owner": "pnggroup",
        "ref": "v1.6.44",
        "repo": "libpng",
        "type": "github"
      }
    },
    "nix-colors": {
      "inputs": {
        "base16-schemes": "base16-schemes",
        "nixpkgs-lib": "nixpkgs-lib"
      },
      "locked": {
        "lastModified": 1707825078,
        "narHash": "sha256-hTfge2J2W+42SZ7VHXkf4kjU+qzFqPeC9k66jAUBMHk=",
        "owner": "misterio77",
        "repo": "nix-colors",
        "rev": "b01f024090d2c4fc3152cd0cf12027a7b8453ba1",
        "type": "github"
      },
      "original": {
        "owner": "misterio77",
        "repo": "nix-colors",
        "type": "github"
      }
    },
    "nix-darwin": {
      "inputs": {
        "nixpkgs": [
          "brew-nix",
          "nixpkgs"
        ]
      },
      "locked": {
        "lastModified": 1732603785,
        "narHash": "sha256-AEjWTJwOmSnVYsSJCojKgoguGfFfwel6z/6ud6UFMU8=",
        "owner": "LnL7",
        "repo": "nix-darwin",
        "rev": "6ab87b7c84d4ee873e937108c4ff80c015a40c7a",
        "type": "github"
      },
      "original": {
        "owner": "LnL7",
        "repo": "nix-darwin",
        "type": "github"
      }
    },
    "nix-darwin_2": {
      "inputs": {
        "nixpkgs": "nixpkgs_2"
      },
      "locked": {
        "lastModified": 1716329735,
        "narHash": "sha256-ap51w+VqG21vuzyQ04WrhI2YbWHd3UGz0e7dc/QQmoA=",
        "owner": "LnL7",
        "repo": "nix-darwin",
        "rev": "eac4f25028c1975a939c8f8fba95c12f8a25e01c",
        "type": "github"
      },
      "original": {
        "owner": "LnL7",
        "repo": "nix-darwin",
        "type": "github"
      }
    },
    "nix-homebrew": {
      "inputs": {
        "brew-src": "brew-src",
        "nix-darwin": "nix-darwin_2",
        "nixpkgs": "nixpkgs_3"
      },
      "locked": {
        "lastModified": 1736041957,
        "narHash": "sha256-Kk/cVtkxwfHNoB6nINUarMLTtyAEvH+ohzxKBptMzzg=",
        "owner": "zhaofengli-wip",
        "repo": "nix-homebrew",
        "rev": "a6d99cc7436fc18c097b3536d9c45c0548c694c8",
        "type": "github"
      },
      "original": {
        "owner": "zhaofengli-wip",
        "repo": "nix-homebrew",
        "type": "github"
      }
    },
    "nix-pre-commit": {
      "inputs": {
        "flake-utils": "flake-utils_2",
        "nixpkgs": [
          "compose2nix",
          "onchg",
          "nixpkgs"
        ]
      },
      "locked": {
        "lastModified": 1653259102,
        "narHash": "sha256-XfCEu4zur/N2Dk4v8wFiQAgJ7bgNqPqwWp1vBXkeczM=",
        "owner": "jmgilman",
        "repo": "nix-pre-commit",
        "rev": "6a99b2711c7eac9960939d8eb91e84322b22d50c",
        "type": "github"
      },
      "original": {
        "owner": "jmgilman",
        "repo": "nix-pre-commit",
        "type": "github"
      }
    },
    "nix-secrets": {
      "flake": false,
      "locked": {
        "lastModified": 1741360608,
        "narHash": "sha256-phnDQZtpOuGgwrY5uMgN01hoxtDWcKsw+FPUsf/fENk=",
        "ref": "main",
        "rev": "bf81092a50c93683f9fb14fb26188a947fdaa444",
        "shallow": true,
        "type": "git",
        "url": "ssh://git@github.com/abayomi185/nix-secrets.git"
      },
      "original": {
        "ref": "main",
        "shallow": true,
        "type": "git",
        "url": "ssh://git@github.com/abayomi185/nix-secrets.git"
      }
    },
    "nixpkgs": {
      "locked": {
        "lastModified": 1732758367,
        "narHash": "sha256-RzaI1RO0UXqLjydtz3GAXSTzHkpb/lLD1JD8a0W4Wpo=",
        "owner": "NixOS",
        "repo": "nixpkgs",
        "rev": "fa42b5a5f401aab8a32bd33c9a4de0738180dc59",
        "type": "github"
      },
      "original": {
        "owner": "NixOS",
        "ref": "nixos-unstable",
        "repo": "nixpkgs",
        "type": "github"
      }
    },
    "nixpkgs-darwin": {
      "inputs": {
        "nixpkgs": [
          "nixpkgs-stable"
        ]
      },
      "locked": {
        "lastModified": 1737421067,
        "narHash": "sha256-/hgw8fDKDpko0XqOw1e9tX8lS2Hqecg7W/JsONun6Qc=",
        "owner": "LnL7",
        "repo": "nix-darwin",
        "rev": "cae8d1c4a3bd37be5887203fe3b0c3a860c53a07",
        "type": "github"
      },
      "original": {
        "owner": "LnL7",
        "ref": "nix-darwin-24.11",
        "repo": "nix-darwin",
        "type": "github"
      }
    },
    "nixpkgs-lib": {
      "locked": {
        "lastModified": 1697935651,
        "narHash": "sha256-qOfWjQ2JQSQL15KLh6D7xQhx0qgZlYZTYlcEiRuAMMw=",
        "owner": "nix-community",
        "repo": "nixpkgs.lib",
        "rev": "e1e11fdbb01113d85c7f41cada9d2847660e3902",
        "type": "github"
      },
      "original": {
        "owner": "nix-community",
        "repo": "nixpkgs.lib",
        "type": "github"
      }
    },
    "nixpkgs-stable": {
      "locked": {
        "lastModified": 1737299813,
        "narHash": "sha256-Qw2PwmkXDK8sPQ5YQ/y/icbQ+TYgbxfjhgnkNJyT1X8=",
        "owner": "nixos",
        "repo": "nixpkgs",
        "rev": "107d5ef05c0b1119749e381451389eded30fb0d5",
        "type": "github"
      },
      "original": {
        "owner": "nixos",
        "ref": "nixos-24.11",
        "repo": "nixpkgs",
        "type": "github"
      }
    },
    "nixpkgs-unstable": {
      "locked": {
        "lastModified": 1737062831,
        "narHash": "sha256-Tbk1MZbtV2s5aG+iM99U8FqwxU/YNArMcWAv6clcsBc=",
        "owner": "nixos",
        "repo": "nixpkgs",
        "rev": "5df43628fdf08d642be8ba5b3625a6c70731c19c",
        "type": "github"
      },
      "original": {
        "owner": "nixos",
        "ref": "nixos-unstable",
        "repo": "nixpkgs",
        "type": "github"
      }
    },
    "nixpkgs_2": {
      "locked": {
        "lastModified": 1687274257,
        "narHash": "sha256-TutzPriQcZ8FghDhEolnHcYU2oHIG5XWF+/SUBNnAOE=",
        "path": "/nix/store/22qgs3skscd9bmrxv9xv4q5d4wwm5ppx-source",
        "rev": "2c9ecd1f0400076a4d6b2193ad468ff0a7e7fdc5",
        "type": "path"
      },
      "original": {
        "id": "nixpkgs",
        "type": "indirect"
      }
    },
    "nixpkgs_3": {
      "locked": {
        "lastModified": 1716330097,
        "narHash": "sha256-8BO3B7e3BiyIDsaKA0tY8O88rClYRTjvAp66y+VBUeU=",
        "owner": "NixOS",
        "repo": "nixpkgs",
        "rev": "5710852ba686cc1fd0d3b8e22b3117d43ba374c2",
        "type": "github"
      },
      "original": {
        "owner": "NixOS",
        "ref": "nixos-unstable",
        "repo": "nixpkgs",
        "type": "github"
      }
    },
    "onchg": {
      "inputs": {
        "nix-pre-commit": "nix-pre-commit",
        "nixpkgs": [
          "compose2nix",
          "nixpkgs"
        ]
      },
      "locked": {
        "lastModified": 1720368454,
        "narHash": "sha256-NUSw3G2gsQX8/G64/pDBb1oitM+x13m7nFRvpiI4a+s=",
        "owner": "aksiksi",
        "repo": "onchg-rs",
        "rev": "c42b693d10920874b3644ef1502e33318409d69c",
        "type": "github"
      },
      "original": {
        "owner": "aksiksi",
        "repo": "onchg-rs",
        "type": "github"
      }
    },
    "root": {
      "inputs": {
        "agenix": "agenix",
        "ags": "ags",
        "brew-api": "brew-api",
        "brew-nix": "brew-nix",
        "compose2nix": "compose2nix",
        "hardware": "hardware",
        "home-manager": "home-manager_2",
        "homebrew-bundle": "homebrew-bundle",
        "homebrew-cask": "homebrew-cask",
        "homebrew-core": "homebrew-core",
        "nix-colors": "nix-colors",
        "nix-homebrew": "nix-homebrew",
        "nix-secrets": "nix-secrets",
        "nixpkgs-darwin": "nixpkgs-darwin",
        "nixpkgs-stable": "nixpkgs-stable",
        "nixpkgs-unstable": "nixpkgs-unstable",
        "rust-overlay": "rust-overlay",
        "sops-nix": "sops-nix",
        "wezterm": "wezterm"
      }
    },
    "rust-overlay": {
      "inputs": {
        "nixpkgs": [
          "nixpkgs-stable"
        ]
      },
      "locked": {
        "lastModified": 1737426362,
        "narHash": "sha256-4SavpRWfRw2pLG1qqErWpk/hI1eCzqjKcE1motxHZgo=",
        "owner": "oxalica",
        "repo": "rust-overlay",
        "rev": "2103fcb16359438d42141bac873ed2367a05cbe7",
        "type": "github"
      },
      "original": {
        "owner": "oxalica",
        "repo": "rust-overlay",
        "type": "github"
      }
    },
    "rust-overlay_2": {
      "inputs": {
        "nixpkgs": [
          "wezterm",
          "nixpkgs"
        ]
      },
      "locked": {
        "lastModified": 1735871325,
        "narHash": "sha256-6Ta5E4mhSfCP6LdkzkG2+BciLOCPeLKuYTJ6lOHW+mI=",
        "owner": "oxalica",
        "repo": "rust-overlay",
        "rev": "a599f011db521766cbaf7c2f5874182485554f00",
        "type": "github"
      },
      "original": {
        "owner": "oxalica",
        "repo": "rust-overlay",
        "type": "github"
      }
    },
    "sops-nix": {
      "inputs": {
        "nixpkgs": [
          "nixpkgs-stable"
        ]
      },
      "locked": {
        "lastModified": 1737411508,
        "narHash": "sha256-j9IdflJwRtqo9WpM0OfAZml47eBblUHGNQTe62OUqTw=",
        "owner": "Mic92",
        "repo": "sops-nix",
        "rev": "015d461c16678fc02a2f405eb453abb509d4e1d4",
        "type": "github"
      },
      "original": {
        "owner": "Mic92",
        "repo": "sops-nix",
        "type": "github"
      }
    },
    "systems": {
      "locked": {
        "lastModified": 1681028828,
        "narHash": "sha256-Vy1rq5AaRuLzOxct8nz4T6wlgyUR7zLU309k9mBC768=",
        "owner": "nix-systems",
        "repo": "default",
        "rev": "da67096a3b9bf56a91d16901293e51ba5b49a27e",
        "type": "github"
      },
      "original": {
        "owner": "nix-systems",
        "repo": "default",
        "type": "github"
      }
    },
    "systems_2": {
      "locked": {
        "lastModified": 1681028828,
        "narHash": "sha256-Vy1rq5AaRuLzOxct8nz4T6wlgyUR7zLU309k9mBC768=",
        "owner": "nix-systems",
        "repo": "default",
        "rev": "da67096a3b9bf56a91d16901293e51ba5b49a27e",
        "type": "github"
      },
      "original": {
        "owner": "nix-systems",
        "repo": "default",
        "type": "github"
      }
    },
    "systems_3": {
      "locked": {
        "lastModified": 1681028828,
        "narHash": "sha256-Vy1rq5AaRuLzOxct8nz4T6wlgyUR7zLU309k9mBC768=",
        "owner": "nix-systems",
        "repo": "default",
        "rev": "da67096a3b9bf56a91d16901293e51ba5b49a27e",
        "type": "github"
      },
      "original": {
        "owner": "nix-systems",
        "repo": "default",
        "type": "github"
      }
    },
    "wezterm": {
      "inputs": {
        "flake-utils": "flake-utils_3",
        "freetype2": "freetype2",
        "harfbuzz": "harfbuzz",
        "libpng": "libpng",
        "nixpkgs": [
          "nixpkgs-stable"
        ],
        "rust-overlay": "rust-overlay_2",
        "zlib": "zlib"
      },
      "locked": {
        "dir": "nix",
        "lastModified": 1737065773,
        "narHash": "sha256-YPP/92ViF7zd3TAnQL65pIaYiNeyqjPA4JnO6l/Hn0s=",
        "owner": "wez",
        "repo": "wezterm",
        "rev": "6c443bee9a21b6d37e06227085ddcd9633529a69",
        "type": "github"
      },
      "original": {
        "dir": "nix",
        "owner": "wez",
        "repo": "wezterm",
        "type": "github"
      }
    },
    "zlib": {
      "flake": false,
      "locked": {
        "lastModified": 1705948357,
        "narHash": "sha256-TkPLWSN5QcPlL9D0kc/yhH0/puE9bFND24aj5NVDKYs=",
        "owner": "madler",
        "repo": "zlib",
        "rev": "51b7f2abdade71cd9bb0e7a373ef2610ec6f9daf",
        "type": "github"
      },
      "original": {
        "owner": "madler",
        "ref": "v1.3.1",
        "repo": "zlib",
        "type": "github"
      }
    }
  },
  "root": "root",
  "version": 7
}
